github.com/apache/thrift v0.0.0-20181112125854-24918abba929 h1:ubPe2yRkS6A/X37s0TVGfuN42NV2h0BlzWj0X76RoUw=
github.com/apache/thrift v0.0.0-20181112125854-24918abba929/go.mod h1:cp2SuWMxlEZw2r+iP2GNCdIi4C1qmUzdZFSVb+bacwQ=
github.com/golang/snappy v0.0.0-20180518054509-2e65f85255db h1:woRePGFeVFfLKN/pOkfl+p/TAqKOfFu+7KPlMVpok/w=
github.com/golang/snappy v0.0.0-20180518054509-2e65f85255db/go.mod h1:/XxbfmMg8lxefKM7IXC3fBNl/7bRcc72aCRzEWrmP2Q=
github.com/google/go-cmp v0.4.0/go.mod h1:v8dTdLbMG2kIc/vJvl+f65V22dbkXbowE6jgT/gNBxE=
github.com/klauspost/compress v1.9.7 h1:hYW1gP94JUmAhBtJ+LNz5My+gBobDxPR1iVuKug26aA=
github.com/klauspost/compress v1.9.7/go.mod h1:RyIbtBH6LamlWaDj8nUwkbUhJ87Yi3uG0guNDohfE1A=
github.com/xitongsys/parquet-go v1.5.1 h1:GFjQXrFmqI2XvmAaj7k73QtW3eECFVwaLX2/Mv3Fnuo=
github.com/xitongsys/parquet-go v1.5.1/go.mod h1:xUxwM8ELydxh4edHGegYq1pA8NnMKDx0K/GyB0o2bww=
github.com/xitongsys/parquet-go-source v0.0.0-20190524061010-2b72cbee77d5/go.mod h1:xxCx7Wpym/3QCo6JhujJX51dzSXrwmb0oH6FQb39SEA=
github.com/xitongsys/parquet-go-source v0.0.0-20200225073416-429277801fe4 h1:KvGGKrTAA489Xkfw1xwz59bj3hH50hC6HjG3Sby+aa4=
github.com/xitongsys/parquet-go-source v0.0.0-20200225073416-429277801fe4/go.mod h1:xxCx7Wpym/3QCo6JhujJX51dzSXrwmb0oH6FQb39SEA=
golang.org/x/xerrors v0.0.0-20191204190536-9bdfabe68543/go.mod h1:I/5z698sn9Ka8TeJc9MKroUUfqBBauWjQqLJ2OPfmY0=
